
Microsoft Visual Studio Solution File, Format Version 12.00
# Visual Studio 15
VisualStudioVersion = 15.0.26823.1
MinimumVisualStudioVersion = 10.0.40219.1
Project("{FAE04EC0-301F-11D3-BF4B-00C04F79EFBC}") = "Mono.WebServer.XSP", "src\Mono.WebServer.XSP\Mono.WebServer.XSP.csproj", "{0EACA9B4-922A-45AA-A59B-EEBAC752E9E0}"
EndProject
Project("{9A19103F-16F7-4668-BE54-9A1E7A4F7556}") = "Mono.WebServer", "src\Mono.WebServer\Mono.WebServer.csproj", "{1CEBA8F5-9CA1-4794-BFD9-0E57DAB34E21}"
EndProject
Project("{9A19103F-16F7-4668-BE54-9A1E7A4F7556}") = "XSP5", "src\XSP5\XSP5.csproj", "{43239595-3399-4B81-9E57-C249D08B246B}"
EndProject
Project("{9A19103F-16F7-4668-BE54-9A1E7A4F7556}") = "test", "test\test.csproj", "{2DE49CEC-B6BD-41EE-BF21-CFD23FE5BA54}"
EndProject
Global
	GlobalSection(SolutionConfigurationPlatforms) = preSolution
		Debug|Any CPU = Debug|Any CPU
		Release|Any CPU = Release|Any CPU
	EndGlobalSection
	GlobalSection(ProjectConfigurationPlatforms) = postSolution
		{0EACA9B4-922A-45AA-A59B-EEBAC752E9E0}.Debug|Any CPU.ActiveCfg = Debug|Any CPU
		{0EACA9B4-922A-45AA-A59B-EEBAC752E9E0}.Debug|Any CPU.Build.0 = Debug|Any CPU
		{0EACA9B4-922A-45AA-A59B-EEBAC752E9E0}.Release|Any CPU.ActiveCfg = Release|Any CPU
		{0EACA9B4-922A-45AA-A59B-EEBAC752E9E0}.Release|Any CPU.Build.0 = Release|Any CPU
		{1CEBA8F5-9CA1-4794-BFD9-0E57DAB34E21}.Debug|Any CPU.ActiveCfg = Debug|Any CPU
		{1CEBA8F5-9CA1-4794-BFD9-0E57DAB34E21}.Debug|Any CPU.Build.0 = Debug|Any CPU
		{1CEBA8F5-9CA1-4794-BFD9-0E57DAB34E21}.Release|Any CPU.ActiveCfg = Release|Any CPU
		{1CEBA8F5-9CA1-4794-BFD9-0E57DAB34E21}.Release|Any CPU.Build.0 = Release|Any CPU
		{43239595-3399-4B81-9E57-C249D08B246B}.Debug|Any CPU.ActiveCfg = Debug|Any CPU
		{43239595-3399-4B81-9E57-C249D08B246B}.Debug|Any CPU.Build.0 = Debug|Any CPU
		{43239595-3399-4B81-9E57-C249D08B246B}.Release|Any CPU.ActiveCfg = Release|Any CPU
		{43239595-3399-4B81-9E57-C249D08B246B}.Release|Any CPU.Build.0 = Release|Any CPU
		{2DE49CEC-B6BD-41EE-BF21-CFD23FE5BA54}.Debug|Any CPU.ActiveCfg = Debug|Any CPU
		{2DE49CEC-B6BD-41EE-BF21-CFD23FE5BA54}.Debug|Any CPU.Build.0 = Debug|Any CPU
		{2DE49CEC-B6BD-41EE-BF21-CFD23FE5BA54}.Release|Any CPU.ActiveCfg = Release|Any CPU
		{2DE49CEC-B6BD-41EE-BF21-CFD23FE5BA54}.Release|Any CPU.Build.0 = Release|Any CPU
	EndGlobalSection
	GlobalSection(SolutionProperties) = preSolution
		HideSolutionNode = FALSE
	EndGlobalSection
	GlobalSection(ExtensibilityGlobals) = postSolution
		SolutionGuid = {877E4B8B-1313-4FF0-BD55-6A6179909C54}
	EndGlobalSection
EndGlobal
